
Microsoft Visual Studio Solution File, Format Version 12.00
# Visual Studio Version 17
VisualStudioVersion = 17.0.32112.339
MinimumVisualStudioVersion = 10.0.40219.1
Project("{FAE04EC0-301F-11D3-BF4B-00C04F79EFBC}") = "FirstWebApplication", "FirstWebApplication\FirstWebApplication.csproj", "{88641CED-36E4-48E4-B37D-11A855255742}"
EndProject
Global
	GlobalSection(SolutionConfigurationPlatforms) = preSolution
		Debug|Any CPU = Debug|Any CPU
		Release|Any CPU = Release|Any CPU
	EndGlobalSection
	GlobalSection(ProjectConfigurationPlatforms) = postSolution
		{88641CED-36E4-48E4-B37D-11A855255742}.Debug|Any CPU.ActiveCfg = Debug|Any CPU
		{88641CED-36E4-48E4-B37D-11A855255742}.Debug|Any CPU.Build.0 = Debug|Any CPU
		{88641CED-36E4-48E4-B37D-11A855255742}.Release|Any CPU.ActiveCfg = Release|Any CPU
		{88641CED-36E4-48E4-B37D-11A855255742}.Release|Any CPU.Build.0 = Release|Any CPU
	EndGlobalSection
	GlobalSection(SolutionProperties) = preSolution
		HideSolutionNode = FALSE
	EndGlobalSection
	GlobalSection(ExtensibilityGlobals) = postSolution
		SolutionGuid = {8C2799E6-08C9-4E8E-9FE7-357FD9949FFC}
	EndGlobalSection
EndGlobal
