
Microsoft Visual Studio Solution File, Format Version 12.00
# Visual Studio Version 17
VisualStudioVersion = 17.0.32112.339
MinimumVisualStudioVersion = 10.0.40219.1
Project("{FAE04EC0-301F-11D3-BF4B-00C04F79EFBC}") = "PizzaFEConsoleApp", "PizzaFEConsoleApp\PizzaFEConsoleApp.csproj", "{3F3D2601-D60C-4EDD-A774-A9013CC9F9F2}"
EndProject
Project("{FAE04EC0-301F-11D3-BF4B-00C04F79EFBC}") = "PizzaModelsLibrary", "PizzaModelsLibrary\PizzaModelsLibrary.csproj", "{535E37D0-1612-4A70-B974-29DF7A7CEEB9}"
EndProject
Project("{FAE04EC0-301F-11D3-BF4B-00C04F79EFBC}") = "PizzaDALLibrary", "PizzaDALLibrary\PizzaDALLibrary.csproj", "{F92E5D59-42E4-4D02-A774-21FD24A2BD94}"
EndProject
Global
	GlobalSection(SolutionConfigurationPlatforms) = preSolution
		Debug|Any CPU = Debug|Any CPU
		Release|Any CPU = Release|Any CPU
	EndGlobalSection
	GlobalSection(ProjectConfigurationPlatforms) = postSolution
		{3F3D2601-D60C-4EDD-A774-A9013CC9F9F2}.Debug|Any CPU.ActiveCfg = Debug|Any CPU
		{3F3D2601-D60C-4EDD-A774-A9013CC9F9F2}.Debug|Any CPU.Build.0 = Debug|Any CPU
		{3F3D2601-D60C-4EDD-A774-A9013CC9F9F2}.Release|Any CPU.ActiveCfg = Release|Any CPU
		{3F3D2601-D60C-4EDD-A774-A9013CC9F9F2}.Release|Any CPU.Build.0 = Release|Any CPU
		{535E37D0-1612-4A70-B974-29DF7A7CEEB9}.Debug|Any CPU.ActiveCfg = Debug|Any CPU
		{535E37D0-1612-4A70-B974-29DF7A7CEEB9}.Debug|Any CPU.Build.0 = Debug|Any CPU
		{535E37D0-1612-4A70-B974-29DF7A7CEEB9}.Release|Any CPU.ActiveCfg = Release|Any CPU
		{535E37D0-1612-4A70-B974-29DF7A7CEEB9}.Release|Any CPU.Build.0 = Release|Any CPU
		{F92E5D59-42E4-4D02-A774-21FD24A2BD94}.Debug|Any CPU.ActiveCfg = Debug|Any CPU
		{F92E5D59-42E4-4D02-A774-21FD24A2BD94}.Debug|Any CPU.Build.0 = Debug|Any CPU
		{F92E5D59-42E4-4D02-A774-21FD24A2BD94}.Release|Any CPU.ActiveCfg = Release|Any CPU
		{F92E5D59-42E4-4D02-A774-21FD24A2BD94}.Release|Any CPU.Build.0 = Release|Any CPU
	EndGlobalSection
	GlobalSection(SolutionProperties) = preSolution
		HideSolutionNode = FALSE
	EndGlobalSection
	GlobalSection(ExtensibilityGlobals) = postSolution
		SolutionGuid = {D982DADB-B42A-4ABB-80FF-F91D3C378E50}
	EndGlobalSection
EndGlobal
