
Microsoft Visual Studio Solution File, Format Version 12.00
# Visual Studio Version 17
VisualStudioVersion = 17.0.32112.339
MinimumVisualStudioVersion = 10.0.40219.1
Project("{FAE04EC0-301F-11D3-BF4B-00C04F79EFBC}") = "UnderstandingEFApplication", "UnderstandingEFApplication\UnderstandingEFApplication.csproj", "{DDD62111-59F5-4BA5-B921-D336FDE1BD16}"
EndProject
Global
	GlobalSection(SolutionConfigurationPlatforms) = preSolution
		Debug|Any CPU = Debug|Any CPU
		Release|Any CPU = Release|Any CPU
	EndGlobalSection
	GlobalSection(ProjectConfigurationPlatforms) = postSolution
		{DDD62111-59F5-4BA5-B921-D336FDE1BD16}.Debug|Any CPU.ActiveCfg = Debug|Any CPU
		{DDD62111-59F5-4BA5-B921-D336FDE1BD16}.Debug|Any CPU.Build.0 = Debug|Any CPU
		{DDD62111-59F5-4BA5-B921-D336FDE1BD16}.Release|Any CPU.ActiveCfg = Release|Any CPU
		{DDD62111-59F5-4BA5-B921-D336FDE1BD16}.Release|Any CPU.Build.0 = Release|Any CPU
	EndGlobalSection
	GlobalSection(SolutionProperties) = preSolution
		HideSolutionNode = FALSE
	EndGlobalSection
	GlobalSection(ExtensibilityGlobals) = postSolution
		SolutionGuid = {D2F4628F-70C9-4497-BA2F-E181969B8D5D}
	EndGlobalSection
EndGlobal
